PODS:
  - Braintree (4.3.1):
    - Braintree/Card (= 4.3.1)
    - Braintree/Core (= 4.3.1)
    - Braintree/PayPal (= 4.3.1)
    - Braintree/UI (= 4.3.1)
  - Braintree/Card (4.3.1):
    - Braintree/Core
  - Braintree/Core (4.3.1)
  - Braintree/PayPal (4.3.1):
    - Braintree/Core
    - Braintree/PayPalOneTouch
  - Braintree/PayPalDataCollector (4.3.1):
    - Braintree/Core
    - Braintree/PayPalUtils
  - Braintree/PayPalOneTouch (4.3.1):
    - Braintree/Core
    - Braintree/PayPalDataCollector
    - Braintree/PayPalUtils
  - Braintree/PayPalUtils (4.3.1)
  - Braintree/UI (4.3.1):
    - Braintree/Card
    - Braintree/Core
  - Branch (0.12.1)
  - CodePush (1.11.0):
    - React
  - React (0.25.1):
    - React/Core (= 0.25.1)
  - react-native-braintree (0.5.0):
    - Braintree
    - React
  - React/Core (0.25.1)
  - React/RCTImage (0.25.1):
    - React/Core
    - React/RCTNetwork
  - React/RCTNetwork (0.25.1):
    - React/Core
  - React/RCTText (0.25.1):
    - React/Core
  - React/RCTWebSocket (0.25.1):
    - React/Core

DEPENDENCIES:
  - Branch
  - CodePush (from `../node_modules/react-native-code-push`)
  - react-native-braintree (from `../node_modules/react-native-braintree`)
  - React/Core (from `../node_modules/react-native`)
  - React/RCTImage (from `../node_modules/react-native`)
  - React/RCTNetwork (from `../node_modules/react-native`)
  - React/RCTText (from `../node_modules/react-native`)
  - React/RCTWebSocket (from `../node_modules/react-native`)

EXTERNAL SOURCES:
  CodePush:
    :path: ../node_modules/react-native-code-push
  React:
    :path: ../node_modules/react-native
  react-native-braintree:
    :path: ../node_modules/react-native-braintree

SPEC CHECKSUMS:
  Braintree: 817c38f759315a6aaa0c5884dc9f1969a61f802f
  Branch: 32fb6e2048118a7ff23be984e731569517fbc5f3
  CodePush: 10e12c2c7dd68866cda4a38dce32605a7bff5408
  React: b35b2b2e07273da1f7266ab2975e0d1033bd913d
  react-native-braintree: 982b6f10d5ad436a4dc18bfc17a640d54fa0a324

PODFILE CHECKSUM: 53aa6751ae61e4ca728bc659fec18742a0db8d79

COCOAPODS: 1.0.0
